
Microsoft Visual Studio Solution File, Format Version 12.00
# Visual Studio Version 17
VisualStudioVersion = 17.9.34728.123
MinimumVisualStudioVersion = 10.0.40219.1
Project("{FAE04EC0-301F-11D3-BF4B-00C04F79EFBC}") = "Практическая работа 1_ПИС", "Практическая работа 1_ПИС\Практическая работа 1_ПИС.csproj", "{849D3B98-297A-4324-B0D0-410990E0AB0E}"
EndProject
Project("{FAE04EC0-301F-11D3-BF4B-00C04F79EFBC}") = "ModuleTests", "ModuleTests\ModuleTests.csproj", "{F5F148BA-E3A7-4F4E-8E07-8204195FFFA6}"
EndProject
Global
	GlobalSection(SolutionConfigurationPlatforms) = preSolution
		Debug|Any CPU = Debug|Any CPU
		Release|Any CPU = Release|Any CPU
	EndGlobalSection
	GlobalSection(ProjectConfigurationPlatforms) = postSolution
		{849D3B98-297A-4324-B0D0-410990E0AB0E}.Debug|Any CPU.ActiveCfg = Debug|Any CPU
		{849D3B98-297A-4324-B0D0-410990E0AB0E}.Debug|Any CPU.Build.0 = Debug|Any CPU
		{849D3B98-297A-4324-B0D0-410990E0AB0E}.Release|Any CPU.ActiveCfg = Release|Any CPU
		{849D3B98-297A-4324-B0D0-410990E0AB0E}.Release|Any CPU.Build.0 = Release|Any CPU
		{F5F148BA-E3A7-4F4E-8E07-8204195FFFA6}.Debug|Any CPU.ActiveCfg = Debug|Any CPU
		{F5F148BA-E3A7-4F4E-8E07-8204195FFFA6}.Debug|Any CPU.Build.0 = Debug|Any CPU
		{F5F148BA-E3A7-4F4E-8E07-8204195FFFA6}.Release|Any CPU.ActiveCfg = Release|Any CPU
		{F5F148BA-E3A7-4F4E-8E07-8204195FFFA6}.Release|Any CPU.Build.0 = Release|Any CPU
	EndGlobalSection
	GlobalSection(SolutionProperties) = preSolution
		HideSolutionNode = FALSE
	EndGlobalSection
	GlobalSection(ExtensibilityGlobals) = postSolution
		SolutionGuid = {7338354E-2EB1-4577-A374-D1093245EC2B}
	EndGlobalSection
EndGlobal
